{
  "name": "backend",
  "lockfileVersion": 2,
  "requires": true,
  "packages": {
    "": {
      "dependencies": {
        "@achrinza/node-ipc": "^10.1.7",
        "ws": "^8.12.0"
      }
    },
    "node_modules/@achrinza/event-pubsub": {
      "version": "5.0.8",
      "resolved": "https://registry.npmjs.org/@achrinza/event-pubsub/-/event-pubsub-5.0.8.tgz",
      "integrity": "sha512-2FupDKPCvK3ceontoqmleg6DeQPECvmwvVTONzlWDCjk4gNQ/0Spt4+kwq9Rb0hHdAGiEaA487+8WXsTXBI4JA==",
      "dependencies": {
        "@achrinza/strong-type": "0.1.10"
      },
      "engines": {
        "node": "13 || 14 || 16 || 17 || 18 || 19"
      }
    },
    "node_modules/@achrinza/node-ipc": {
      "version": "10.1.7",
      "resolved": "https://registry.npmjs.org/@achrinza/node-ipc/-/node-ipc-10.1.7.tgz",
      "integrity": "sha512-xuSoaImTsihgO7pM+R6J61/AMBA9v+rJIGax1g/T16GKa8TO/cuuDXZA4ZN6q0zdUuUeCXIac9UPQZw8ofKBzQ==",
      "dependencies": {
        "@achrinza/event-pubsub": "5.0.8",
        "@node-ipc/js-queue": "2.0.3",
        "js-message": "1.0.7",
        "strong-type": "1.0.1"
      },
      "engines": {
        "node": "14 || 16 || 17 || 18 || 19"
      }
    },
    "node_modules/@achrinza/strong-type": {
      "version": "0.1.10",
      "resolved": "https://registry.npmjs.org/@achrinza/strong-type/-/strong-type-0.1.10.tgz",
      "integrity": "sha512-0FdEy7yj3PzgMvDSMdIZPmMfo+5SvMaDU6KZB9AOBEmvZHXFJIf4i6b30iDVkMiEMUJDaExBvwMLBsLVNV25yA==",
      "engines": {
        "node": "12 || 13 || 14 || 15 || 16 || 17 || 18 || 19"
      }
    },
    "node_modules/@node-ipc/js-queue": {
      "version": "2.0.3",
      "resolved": "https://registry.npmjs.org/@node-ipc/js-queue/-/js-queue-2.0.3.tgz",
      "integrity": "sha512-fL1wpr8hhD5gT2dA1qifeVaoDFlQR5es8tFuKqjHX+kdOtdNHnxkVZbtIrR2rxnMFvehkjaZRNV2H/gPXlb0hw==",
      "dependencies": {
        "easy-stack": "1.0.1"
      },
      "engines": {
        "node": ">=1.0.0"
      }
    },
    "node_modules/easy-stack": {
      "version": "1.0.1",
      "resolved": "https://registry.npmjs.org/easy-stack/-/easy-stack-1.0.1.tgz",
      "integrity": "sha512-wK2sCs4feiiJeFXn3zvY0p41mdU5VUgbgs1rNsc/y5ngFUijdWd+iIN8eoyuZHKB8xN6BL4PdWmzqFmxNg6V2w==",
      "engines": {
        "node": ">=6.0.0"
      }
    },
    "node_modules/js-message": {
      "version": "1.0.7",
      "resolved": "https://registry.npmjs.org/js-message/-/js-message-1.0.7.tgz",
      "integrity": "sha512-efJLHhLjIyKRewNS9EGZ4UpI8NguuL6fKkhRxVuMmrGV2xN/0APGdQYwLFky5w9naebSZ0OwAGp0G6/2Cg90rA==",
      "engines": {
        "node": ">=0.6.0"
      }
    },
    "node_modules/strong-type": {
      "version": "1.0.1",
      "resolved": "https://registry.npmjs.org/strong-type/-/strong-type-1.0.1.tgz",
      "integrity": "sha512-K8KEzne00nA5HG3eSIPy44adqGTAMnNlpfvRWtiv8QvRsRm0/rMLHtSoppJ11iFtnmzzpgeYogzdY2YMgrUgOA==",
      "engines": {
        "node": ">=12.21.0"
      }
    },
    "node_modules/ws": {
      "version": "8.12.0",
      "resolved": "https://registry.npmjs.org/ws/-/ws-8.12.0.tgz",
      "integrity": "sha512-kU62emKIdKVeEIOIKVegvqpXMSTAMLJozpHZaJNDYqBjzlSYXQGviYwN1osDLJ9av68qHd4a2oSjd7yD4pacig==",
      "engines": {
        "node": ">=10.0.0"
      },
      "peerDependencies": {
        "bufferutil": "^4.0.1",
        "utf-8-validate": ">=5.0.2"
      },
      "peerDependenciesMeta": {
        "bufferutil": {
          "optional": true
        },
        "utf-8-validate": {
          "optional": true
        }
      }
    }
  },
  "dependencies": {
    "@achrinza/event-pubsub": {
      "version": "5.0.8",
      "resolved": "https://registry.npmjs.org/@achrinza/event-pubsub/-/event-pubsub-5.0.8.tgz",
      "integrity": "sha512-2FupDKPCvK3ceontoqmleg6DeQPECvmwvVTONzlWDCjk4gNQ/0Spt4+kwq9Rb0hHdAGiEaA487+8WXsTXBI4JA==",
      "requires": {
        "@achrinza/strong-type": "0.1.10"
      }
    },
    "@achrinza/node-ipc": {
      "version": "10.1.7",
      "resolved": "https://registry.npmjs.org/@achrinza/node-ipc/-/node-ipc-10.1.7.tgz",
      "integrity": "sha512-xuSoaImTsihgO7pM+R6J61/AMBA9v+rJIGax1g/T16GKa8TO/cuuDXZA4ZN6q0zdUuUeCXIac9UPQZw8ofKBzQ==",
      "requires": {
        "@achrinza/event-pubsub": "5.0.8",
        "@node-ipc/js-queue": "2.0.3",
        "js-message": "1.0.7",
        "strong-type": "1.0.1"
      }
    },
    "@achrinza/strong-type": {
      "version": "0.1.10",
      "resolved": "https://registry.npmjs.org/@achrinza/strong-type/-/strong-type-0.1.10.tgz",
      "integrity": "sha512-0FdEy7yj3PzgMvDSMdIZPmMfo+5SvMaDU6KZB9AOBEmvZHXFJIf4i6b30iDVkMiEMUJDaExBvwMLBsLVNV25yA=="
    },
    "@node-ipc/js-queue": {
      "version": "2.0.3",
      "resolved": "https://registry.npmjs.org/@node-ipc/js-queue/-/js-queue-2.0.3.tgz",
      "integrity": "sha512-fL1wpr8hhD5gT2dA1qifeVaoDFlQR5es8tFuKqjHX+kdOtdNHnxkVZbtIrR2rxnMFvehkjaZRNV2H/gPXlb0hw==",
      "requires": {
        "easy-stack": "1.0.1"
      }
    },
    "easy-stack": {
      "version": "1.0.1",
      "resolved": "https://registry.npmjs.org/easy-stack/-/easy-stack-1.0.1.tgz",
      "integrity": "sha512-wK2sCs4feiiJeFXn3zvY0p41mdU5VUgbgs1rNsc/y5ngFUijdWd+iIN8eoyuZHKB8xN6BL4PdWmzqFmxNg6V2w=="
    },
    "js-message": {
      "version": "1.0.7",
      "resolved": "https://registry.npmjs.org/js-message/-/js-message-1.0.7.tgz",
      "integrity": "sha512-efJLHhLjIyKRewNS9EGZ4UpI8NguuL6fKkhRxVuMmrGV2xN/0APGdQYwLFky5w9naebSZ0OwAGp0G6/2Cg90rA=="
    },
    "strong-type": {
      "version": "1.0.1",
      "resolved": "https://registry.npmjs.org/strong-type/-/strong-type-1.0.1.tgz",
      "integrity": "sha512-K8KEzne00nA5HG3eSIPy44adqGTAMnNlpfvRWtiv8QvRsRm0/rMLHtSoppJ11iFtnmzzpgeYogzdY2YMgrUgOA=="
    },
    "ws": {
      "version": "8.12.0",
      "resolved": "https://registry.npmjs.org/ws/-/ws-8.12.0.tgz",
      "integrity": "sha512-kU62emKIdKVeEIOIKVegvqpXMSTAMLJozpHZaJNDYqBjzlSYXQGviYwN1osDLJ9av68qHd4a2oSjd7yD4pacig==",
      "requires": {}
    }
  }
}
